
Microsoft Visual Studio Solution File, Format Version 12.00
# Visual Studio Version 17
VisualStudioVersion = 17.4.33403.182
MinimumVisualStudioVersion = 10.0.40219.1
Project("{FAE04EC0-301F-11D3-BF4B-00C04F79EFBC}") = "Settlement_pm", "Settlement_pm\Settlement_pm.csproj", "{BC7116F9-7954-43D2-A373-F1F0174160F3}"
EndProject
Global
	GlobalSection(SolutionConfigurationPlatforms) = preSolution
		Debug|Any CPU = Debug|Any CPU
		Release|Any CPU = Release|Any CPU
	EndGlobalSection
	GlobalSection(ProjectConfigurationPlatforms) = postSolution
		{BC7116F9-7954-43D2-A373-F1F0174160F3}.Debug|Any CPU.ActiveCfg = Debug|Any CPU
		{BC7116F9-7954-43D2-A373-F1F0174160F3}.Debug|Any CPU.Build.0 = Debug|Any CPU
		{BC7116F9-7954-43D2-A373-F1F0174160F3}.Release|Any CPU.ActiveCfg = Release|Any CPU
		{BC7116F9-7954-43D2-A373-F1F0174160F3}.Release|Any CPU.Build.0 = Release|Any CPU
	EndGlobalSection
	GlobalSection(SolutionProperties) = preSolution
		HideSolutionNode = FALSE
	EndGlobalSection
	GlobalSection(ExtensibilityGlobals) = postSolution
		SolutionGuid = {6C2CE1CC-6DE4-4E5F-8184-27852C2A9FE4}
	EndGlobalSection
EndGlobal
